schema: '2.0'
stages:
  train:
    cmd: python -m src.train
    deps:
    - path: data/green_tripdata_2025-01.parquet
      hash: md5
      md5: 068b3a3c1acd32e61ad9d757460c80b5
      size: 3110
    - path: src/features.py
      hash: md5
      md5: de00f46d00a3473e13d666106b883665
      size: 886
    - path: src/train.py
      hash: md5
      md5: d126db7b40a085f9d63737c7abe76b22
      size: 2542
    params:
      params.yaml:
        train.feature_columns:
        - vendor_id
        - passenger_count
        - trip_distance
        train.model_type: linear_regression
        train.random_state: 42
        train.target_column: fare_amount
        train.test_size: 0.2
    outs:
    - path: metrics.json
      hash: md5
      md5: 3433d7665c1dcfb544f8123d9869ac03
      size: 222
    - path: models/model.joblib
      hash: md5
      md5: dffad3cd563833c40d9e2cc43045ed53
      size: 896
